
Microsoft Visual Studio Solution File, Format Version 12.00
# Visual Studio Version 17
VisualStudioVersion = 17.14.36518.9 d17.14
MinimumVisualStudioVersion = 10.0.40219.1
Project("{FAE04EC0-301F-11D3-BF4B-00C04F79EFBC}") = "SGHR.Api", "SGHR.Api\SGHR.Api.csproj", "{EEBED0A2-EF22-42EB-ADA5-982693FA5DE5}"
EndProject
Global
	GlobalSection(SolutionConfigurationPlatforms) = preSolution
		Debug|Any CPU = Debug|Any CPU
		Release|Any CPU = Release|Any CPU
	EndGlobalSection
	GlobalSection(ProjectConfigurationPlatforms) = postSolution
		{EEBED0A2-EF22-42EB-ADA5-982693FA5DE5}.Debug|Any CPU.ActiveCfg = Debug|Any CPU
		{EEBED0A2-EF22-42EB-ADA5-982693FA5DE5}.Debug|Any CPU.Build.0 = Debug|Any CPU
		{EEBED0A2-EF22-42EB-ADA5-982693FA5DE5}.Release|Any CPU.ActiveCfg = Release|Any CPU
		{EEBED0A2-EF22-42EB-ADA5-982693FA5DE5}.Release|Any CPU.Build.0 = Release|Any CPU
	EndGlobalSection
	GlobalSection(SolutionProperties) = preSolution
		HideSolutionNode = FALSE
	EndGlobalSection
	GlobalSection(ExtensibilityGlobals) = postSolution
		SolutionGuid = {6ED2EE7B-C52C-48ED-BC4B-05A8A6910A5C}
	EndGlobalSection
EndGlobal
