
Microsoft Visual Studio Solution File, Format Version 12.00
# Visual Studio Version 17
VisualStudioVersion = 17.14.36518.9 d17.14
MinimumVisualStudioVersion = 10.0.40219.1
Project("{FAE04EC0-301F-11D3-BF4B-00C04F79EFBC}") = "SGHR.Api", "SGHR.Api\SGHR.Api.csproj", "{EEBED0A2-EF22-42EB-ADA5-982693FA5DE5}"
EndProject
Project("{2150E333-8FDC-42A3-9474-1A3956D46DE8}") = "API", "API", "{02EA681E-C7D8-13C7-8484-4AC65E1B71E8}"
EndProject
Project("{2150E333-8FDC-42A3-9474-1A3956D46DE8}") = "Application", "Application", "{FA278B08-D15B-43F2-B7F5-6A73BBDF1FE7}"
EndProject
Project("{2150E333-8FDC-42A3-9474-1A3956D46DE8}") = "Core", "Core", "{0EA28868-8FB0-4534-BF80-CCDDA6C364EF}"
EndProject
Project("{2150E333-8FDC-42A3-9474-1A3956D46DE8}") = "Infraestructure", "Infraestructure", "{7C2DD0D4-A12A-455C-AAC0-E55E894EDD36}"
EndProject
Project("{2150E333-8FDC-42A3-9474-1A3956D46DE8}") = "IOC", "IOC", "{CD8AB3E3-0E0C-4C13-9D44-149A5738D093}"
EndProject
Project("{2150E333-8FDC-42A3-9474-1A3956D46DE8}") = "Test", "Test", "{8C7B1919-0C11-4FAB-964B-369D75CABDFB}"
EndProject
Project("{FAE04EC0-301F-11D3-BF4B-00C04F79EFBC}") = "SGHR.Persistence", "SGHR.Persistence\SGHR.Persistence.csproj", "{0B370382-5720-4F68-BC23-A1B275997E06}"
EndProject
Project("{FAE04EC0-301F-11D3-BF4B-00C04F79EFBC}") = "SGHR.Infraestructure", "SGHR.Infraestructure\SGHR.Infraestructure.csproj", "{AB2D8851-761B-499D-A459-65FC82B3BBD0}"
EndProject
Project("{FAE04EC0-301F-11D3-BF4B-00C04F79EFBC}") = "SGHR.Domain", "SGHR.Domain\SGHR.Domain.csproj", "{677F013B-CA50-44D1-A7F6-CDCC48867AAB}"
EndProject
Project("{FAE04EC0-301F-11D3-BF4B-00C04F79EFBC}") = "SGHR.Application", "SGHR.Application\SGHR.Application.csproj", "{603CDB0D-F799-450E-A85D-0044115C36DF}"
EndProject
Project("{FAE04EC0-301F-11D3-BF4B-00C04F79EFBC}") = "SGHR.Model", "SGHR.Model\SGHR.Model.csproj", "{793DE79A-E6E6-4142-A327-26E0C2ADFFF0}"
EndProject
Project("{FAE04EC0-301F-11D3-BF4B-00C04F79EFBC}") = "SGHR.IOC", "SGHR.IOC\SGHR.IOC.csproj", "{9829D766-FA2B-4F3E-8048-576DAF387363}"
EndProject
Project("{FAE04EC0-301F-11D3-BF4B-00C04F79EFBC}") = "SGHR.Application.Test", "SGHR.Application.Test\SGHR.Application.Test.csproj", "{F01F9A7B-AA74-4736-89D6-101C0CB2F13B}"
EndProject
Project("{FAE04EC0-301F-11D3-BF4B-00C04F79EFBC}") = "SGHR.Persistence.Test", "SGHR.Persistence.Test\SGHR.Persistence.Test.csproj", "{0DD5F095-E972-46FF-BB8D-54C5795977F3}"
EndProject
Project("{2150E333-8FDC-42A3-9474-1A3956D46DE8}") = "Presentacion", "Presentacion", "{71F667BC-1BDC-48A4-8E04-D464E1762EBE}"
EndProject
Global
	GlobalSection(SolutionConfigurationPlatforms) = preSolution
		Debug|Any CPU = Debug|Any CPU
		Debug|x64 = Debug|x64
		Debug|x86 = Debug|x86
		Release|Any CPU = Release|Any CPU
		Release|x64 = Release|x64
		Release|x86 = Release|x86
	EndGlobalSection
	GlobalSection(ProjectConfigurationPlatforms) = postSolution
		{EEBED0A2-EF22-42EB-ADA5-982693FA5DE5}.Debug|Any CPU.ActiveCfg = Debug|Any CPU
		{EEBED0A2-EF22-42EB-ADA5-982693FA5DE5}.Debug|Any CPU.Build.0 = Debug|Any CPU
		{EEBED0A2-EF22-42EB-ADA5-982693FA5DE5}.Debug|x64.ActiveCfg = Debug|Any CPU
		{EEBED0A2-EF22-42EB-ADA5-982693FA5DE5}.Debug|x64.Build.0 = Debug|Any CPU
		{EEBED0A2-EF22-42EB-ADA5-982693FA5DE5}.Debug|x86.ActiveCfg = Debug|Any CPU
		{EEBED0A2-EF22-42EB-ADA5-982693FA5DE5}.Debug|x86.Build.0 = Debug|Any CPU
		{EEBED0A2-EF22-42EB-ADA5-982693FA5DE5}.Release|Any CPU.ActiveCfg = Release|Any CPU
		{EEBED0A2-EF22-42EB-ADA5-982693FA5DE5}.Release|Any CPU.Build.0 = Release|Any CPU
		{EEBED0A2-EF22-42EB-ADA5-982693FA5DE5}.Release|x64.ActiveCfg = Release|Any CPU
		{EEBED0A2-EF22-42EB-ADA5-982693FA5DE5}.Release|x64.Build.0 = Release|Any CPU
		{EEBED0A2-EF22-42EB-ADA5-982693FA5DE5}.Release|x86.ActiveCfg = Release|Any CPU
		{EEBED0A2-EF22-42EB-ADA5-982693FA5DE5}.Release|x86.Build.0 = Release|Any CPU
		{0B370382-5720-4F68-BC23-A1B275997E06}.Debug|Any CPU.ActiveCfg = Debug|Any CPU
		{0B370382-5720-4F68-BC23-A1B275997E06}.Debug|Any CPU.Build.0 = Debug|Any CPU
		{0B370382-5720-4F68-BC23-A1B275997E06}.Debug|x64.ActiveCfg = Debug|Any CPU
		{0B370382-5720-4F68-BC23-A1B275997E06}.Debug|x64.Build.0 = Debug|Any CPU
		{0B370382-5720-4F68-BC23-A1B275997E06}.Debug|x86.ActiveCfg = Debug|Any CPU
		{0B370382-5720-4F68-BC23-A1B275997E06}.Debug|x86.Build.0 = Debug|Any CPU
		{0B370382-5720-4F68-BC23-A1B275997E06}.Release|Any CPU.ActiveCfg = Release|Any CPU
		{0B370382-5720-4F68-BC23-A1B275997E06}.Release|Any CPU.Build.0 = Release|Any CPU
		{0B370382-5720-4F68-BC23-A1B275997E06}.Release|x64.ActiveCfg = Release|Any CPU
		{0B370382-5720-4F68-BC23-A1B275997E06}.Release|x64.Build.0 = Release|Any CPU
		{0B370382-5720-4F68-BC23-A1B275997E06}.Release|x86.ActiveCfg = Release|Any CPU
		{0B370382-5720-4F68-BC23-A1B275997E06}.Release|x86.Build.0 = Release|Any CPU
		{AB2D8851-761B-499D-A459-65FC82B3BBD0}.Debug|Any CPU.ActiveCfg = Debug|Any CPU
		{AB2D8851-761B-499D-A459-65FC82B3BBD0}.Debug|Any CPU.Build.0 = Debug|Any CPU
		{AB2D8851-761B-499D-A459-65FC82B3BBD0}.Debug|x64.ActiveCfg = Debug|Any CPU
		{AB2D8851-761B-499D-A459-65FC82B3BBD0}.Debug|x64.Build.0 = Debug|Any CPU
		{AB2D8851-761B-499D-A459-65FC82B3BBD0}.Debug|x86.ActiveCfg = Debug|Any CPU
		{AB2D8851-761B-499D-A459-65FC82B3BBD0}.Debug|x86.Build.0 = Debug|Any CPU
		{AB2D8851-761B-499D-A459-65FC82B3BBD0}.Release|Any CPU.ActiveCfg = Release|Any CPU
		{AB2D8851-761B-499D-A459-65FC82B3BBD0}.Release|Any CPU.Build.0 = Release|Any CPU
		{AB2D8851-761B-499D-A459-65FC82B3BBD0}.Release|x64.ActiveCfg = Release|Any CPU
		{AB2D8851-761B-499D-A459-65FC82B3BBD0}.Release|x64.Build.0 = Release|Any CPU
		{AB2D8851-761B-499D-A459-65FC82B3BBD0}.Release|x86.ActiveCfg = Release|Any CPU
		{AB2D8851-761B-499D-A459-65FC82B3BBD0}.Release|x86.Build.0 = Release|Any CPU
		{677F013B-CA50-44D1-A7F6-CDCC48867AAB}.Debug|Any CPU.ActiveCfg = Debug|Any CPU
		{677F013B-CA50-44D1-A7F6-CDCC48867AAB}.Debug|Any CPU.Build.0 = Debug|Any CPU
		{677F013B-CA50-44D1-A7F6-CDCC48867AAB}.Debug|x64.ActiveCfg = Debug|Any CPU
		{677F013B-CA50-44D1-A7F6-CDCC48867AAB}.Debug|x64.Build.0 = Debug|Any CPU
		{677F013B-CA50-44D1-A7F6-CDCC48867AAB}.Debug|x86.ActiveCfg = Debug|Any CPU
		{677F013B-CA50-44D1-A7F6-CDCC48867AAB}.Debug|x86.Build.0 = Debug|Any CPU
		{677F013B-CA50-44D1-A7F6-CDCC48867AAB}.Release|Any CPU.ActiveCfg = Release|Any CPU
		{677F013B-CA50-44D1-A7F6-CDCC48867AAB}.Release|Any CPU.Build.0 = Release|Any CPU
		{677F013B-CA50-44D1-A7F6-CDCC48867AAB}.Release|x64.ActiveCfg = Release|Any CPU
		{677F013B-CA50-44D1-A7F6-CDCC48867AAB}.Release|x64.Build.0 = Release|Any CPU
		{677F013B-CA50-44D1-A7F6-CDCC48867AAB}.Release|x86.ActiveCfg = Release|Any CPU
		{677F013B-CA50-44D1-A7F6-CDCC48867AAB}.Release|x86.Build.0 = Release|Any CPU
		{603CDB0D-F799-450E-A85D-0044115C36DF}.Debug|Any CPU.ActiveCfg = Debug|Any CPU
		{603CDB0D-F799-450E-A85D-0044115C36DF}.Debug|Any CPU.Build.0 = Debug|Any CPU
		{603CDB0D-F799-450E-A85D-0044115C36DF}.Debug|x64.ActiveCfg = Debug|Any CPU
		{603CDB0D-F799-450E-A85D-0044115C36DF}.Debug|x64.Build.0 = Debug|Any CPU
		{603CDB0D-F799-450E-A85D-0044115C36DF}.Debug|x86.ActiveCfg = Debug|Any CPU
		{603CDB0D-F799-450E-A85D-0044115C36DF}.Debug|x86.Build.0 = Debug|Any CPU
		{603CDB0D-F799-450E-A85D-0044115C36DF}.Release|Any CPU.ActiveCfg = Release|Any CPU
		{603CDB0D-F799-450E-A85D-0044115C36DF}.Release|Any CPU.Build.0 = Release|Any CPU
		{603CDB0D-F799-450E-A85D-0044115C36DF}.Release|x64.ActiveCfg = Release|Any CPU
		{603CDB0D-F799-450E-A85D-0044115C36DF}.Release|x64.Build.0 = Release|Any CPU
		{603CDB0D-F799-450E-A85D-0044115C36DF}.Release|x86.ActiveCfg = Release|Any CPU
		{603CDB0D-F799-450E-A85D-0044115C36DF}.Release|x86.Build.0 = Release|Any CPU
		{793DE79A-E6E6-4142-A327-26E0C2ADFFF0}.Debug|Any CPU.ActiveCfg = Debug|Any CPU
		{793DE79A-E6E6-4142-A327-26E0C2ADFFF0}.Debug|Any CPU.Build.0 = Debug|Any CPU
		{793DE79A-E6E6-4142-A327-26E0C2ADFFF0}.Debug|x64.ActiveCfg = Debug|Any CPU
		{793DE79A-E6E6-4142-A327-26E0C2ADFFF0}.Debug|x64.Build.0 = Debug|Any CPU
		{793DE79A-E6E6-4142-A327-26E0C2ADFFF0}.Debug|x86.ActiveCfg = Debug|Any CPU
		{793DE79A-E6E6-4142-A327-26E0C2ADFFF0}.Debug|x86.Build.0 = Debug|Any CPU
		{793DE79A-E6E6-4142-A327-26E0C2ADFFF0}.Release|Any CPU.ActiveCfg = Release|Any CPU
		{793DE79A-E6E6-4142-A327-26E0C2ADFFF0}.Release|Any CPU.Build.0 = Release|Any CPU
		{793DE79A-E6E6-4142-A327-26E0C2ADFFF0}.Release|x64.ActiveCfg = Release|Any CPU
		{793DE79A-E6E6-4142-A327-26E0C2ADFFF0}.Release|x64.Build.0 = Release|Any CPU
		{793DE79A-E6E6-4142-A327-26E0C2ADFFF0}.Release|x86.ActiveCfg = Release|Any CPU
		{793DE79A-E6E6-4142-A327-26E0C2ADFFF0}.Release|x86.Build.0 = Release|Any CPU
		{9829D766-FA2B-4F3E-8048-576DAF387363}.Debug|Any CPU.ActiveCfg = Debug|Any CPU
		{9829D766-FA2B-4F3E-8048-576DAF387363}.Debug|Any CPU.Build.0 = Debug|Any CPU
		{9829D766-FA2B-4F3E-8048-576DAF387363}.Debug|x64.ActiveCfg = Debug|Any CPU
		{9829D766-FA2B-4F3E-8048-576DAF387363}.Debug|x64.Build.0 = Debug|Any CPU
		{9829D766-FA2B-4F3E-8048-576DAF387363}.Debug|x86.ActiveCfg = Debug|Any CPU
		{9829D766-FA2B-4F3E-8048-576DAF387363}.Debug|x86.Build.0 = Debug|Any CPU
		{9829D766-FA2B-4F3E-8048-576DAF387363}.Release|Any CPU.ActiveCfg = Release|Any CPU
		{9829D766-FA2B-4F3E-8048-576DAF387363}.Release|Any CPU.Build.0 = Release|Any CPU
		{9829D766-FA2B-4F3E-8048-576DAF387363}.Release|x64.ActiveCfg = Release|Any CPU
		{9829D766-FA2B-4F3E-8048-576DAF387363}.Release|x64.Build.0 = Release|Any CPU
		{9829D766-FA2B-4F3E-8048-576DAF387363}.Release|x86.ActiveCfg = Release|Any CPU
		{9829D766-FA2B-4F3E-8048-576DAF387363}.Release|x86.Build.0 = Release|Any CPU
		{F01F9A7B-AA74-4736-89D6-101C0CB2F13B}.Debug|Any CPU.ActiveCfg = Debug|Any CPU
		{F01F9A7B-AA74-4736-89D6-101C0CB2F13B}.Debug|Any CPU.Build.0 = Debug|Any CPU
		{F01F9A7B-AA74-4736-89D6-101C0CB2F13B}.Debug|x64.ActiveCfg = Debug|Any CPU
		{F01F9A7B-AA74-4736-89D6-101C0CB2F13B}.Debug|x64.Build.0 = Debug|Any CPU
		{F01F9A7B-AA74-4736-89D6-101C0CB2F13B}.Debug|x86.ActiveCfg = Debug|Any CPU
		{F01F9A7B-AA74-4736-89D6-101C0CB2F13B}.Debug|x86.Build.0 = Debug|Any CPU
		{F01F9A7B-AA74-4736-89D6-101C0CB2F13B}.Release|Any CPU.ActiveCfg = Release|Any CPU
		{F01F9A7B-AA74-4736-89D6-101C0CB2F13B}.Release|Any CPU.Build.0 = Release|Any CPU
		{F01F9A7B-AA74-4736-89D6-101C0CB2F13B}.Release|x64.ActiveCfg = Release|Any CPU
		{F01F9A7B-AA74-4736-89D6-101C0CB2F13B}.Release|x64.Build.0 = Release|Any CPU
		{F01F9A7B-AA74-4736-89D6-101C0CB2F13B}.Release|x86.ActiveCfg = Release|Any CPU
		{F01F9A7B-AA74-4736-89D6-101C0CB2F13B}.Release|x86.Build.0 = Release|Any CPU
		{0DD5F095-E972-46FF-BB8D-54C5795977F3}.Debug|Any CPU.ActiveCfg = Debug|Any CPU
		{0DD5F095-E972-46FF-BB8D-54C5795977F3}.Debug|Any CPU.Build.0 = Debug|Any CPU
		{0DD5F095-E972-46FF-BB8D-54C5795977F3}.Debug|x64.ActiveCfg = Debug|Any CPU
		{0DD5F095-E972-46FF-BB8D-54C5795977F3}.Debug|x64.Build.0 = Debug|Any CPU
		{0DD5F095-E972-46FF-BB8D-54C5795977F3}.Debug|x86.ActiveCfg = Debug|Any CPU
		{0DD5F095-E972-46FF-BB8D-54C5795977F3}.Debug|x86.Build.0 = Debug|Any CPU
		{0DD5F095-E972-46FF-BB8D-54C5795977F3}.Release|Any CPU.ActiveCfg = Release|Any CPU
		{0DD5F095-E972-46FF-BB8D-54C5795977F3}.Release|Any CPU.Build.0 = Release|Any CPU
		{0DD5F095-E972-46FF-BB8D-54C5795977F3}.Release|x64.ActiveCfg = Release|Any CPU
		{0DD5F095-E972-46FF-BB8D-54C5795977F3}.Release|x64.Build.0 = Release|Any CPU
		{0DD5F095-E972-46FF-BB8D-54C5795977F3}.Release|x86.ActiveCfg = Release|Any CPU
		{0DD5F095-E972-46FF-BB8D-54C5795977F3}.Release|x86.Build.0 = Release|Any CPU
	EndGlobalSection
	GlobalSection(SolutionProperties) = preSolution
		HideSolutionNode = FALSE
	EndGlobalSection
	GlobalSection(NestedProjects) = preSolution
		{EEBED0A2-EF22-42EB-ADA5-982693FA5DE5} = {02EA681E-C7D8-13C7-8484-4AC65E1B71E8}
		{0B370382-5720-4F68-BC23-A1B275997E06} = {7C2DD0D4-A12A-455C-AAC0-E55E894EDD36}
		{AB2D8851-761B-499D-A459-65FC82B3BBD0} = {7C2DD0D4-A12A-455C-AAC0-E55E894EDD36}
		{677F013B-CA50-44D1-A7F6-CDCC48867AAB} = {0EA28868-8FB0-4534-BF80-CCDDA6C364EF}
		{603CDB0D-F799-450E-A85D-0044115C36DF} = {FA278B08-D15B-43F2-B7F5-6A73BBDF1FE7}
		{793DE79A-E6E6-4142-A327-26E0C2ADFFF0} = {0EA28868-8FB0-4534-BF80-CCDDA6C364EF}
		{9829D766-FA2B-4F3E-8048-576DAF387363} = {CD8AB3E3-0E0C-4C13-9D44-149A5738D093}
		{F01F9A7B-AA74-4736-89D6-101C0CB2F13B} = {8C7B1919-0C11-4FAB-964B-369D75CABDFB}
		{0DD5F095-E972-46FF-BB8D-54C5795977F3} = {8C7B1919-0C11-4FAB-964B-369D75CABDFB}
	EndGlobalSection
	GlobalSection(ExtensibilityGlobals) = postSolution
		SolutionGuid = {6ED2EE7B-C52C-48ED-BC4B-05A8A6910A5C}
	EndGlobalSection
EndGlobal
